
Microsoft Visual Studio Solution File, Format Version 12.00
# Visual Studio Version 17
VisualStudioVersion = 17.9.34728.123
MinimumVisualStudioVersion = 10.0.40219.1
Project("{FAE04EC0-301F-11D3-BF4B-00C04F79EFBC}") = "OOP", "OOP\OOP.csproj", "{CF17D42D-9B18-44D1-B2E3-59925DB069B8}"
EndProject
Global
	GlobalSection(SolutionConfigurationPlatforms) = preSolution
		Debug|Any CPU = Debug|Any CPU
		Release|Any CPU = Release|Any CPU
	EndGlobalSection
	GlobalSection(ProjectConfigurationPlatforms) = postSolution
		{CF17D42D-9B18-44D1-B2E3-59925DB069B8}.Debug|Any CPU.ActiveCfg = Debug|Any CPU
		{CF17D42D-9B18-44D1-B2E3-59925DB069B8}.Debug|Any CPU.Build.0 = Debug|Any CPU
		{CF17D42D-9B18-44D1-B2E3-59925DB069B8}.Release|Any CPU.ActiveCfg = Release|Any CPU
		{CF17D42D-9B18-44D1-B2E3-59925DB069B8}.Release|Any CPU.Build.0 = Release|Any CPU
	EndGlobalSection
	GlobalSection(SolutionProperties) = preSolution
		HideSolutionNode = FALSE
	EndGlobalSection
	GlobalSection(ExtensibilityGlobals) = postSolution
		SolutionGuid = {0DD56829-507B-48AA-82C7-25EDF5AA8937}
	EndGlobalSection
EndGlobal
